version = 1
revision = 3
requires-python = ">=3.14"

[[package]]
name = "26-zip"
version = "0.1.0"
source = { virtual = "." }
dependencies = [
    { name = "faker" },
]

[package.metadata]
requires-dist = [{ name = "faker", specifier = ">=40.37.0" }]

[[package]]
name = "faker"
version = "40.37.0"
source = { registry = "https://pypi.org/simple" }
dependencies = [
    { name = "tzdata", marker = "sys_platform == 'win32'" },
]
sdist = { url = "https://files.pythonhosted.org/packages/f6/fb/35acc76128d5ee8983d940da871cc8eba876e7b0e9e6bd402ecd7104dcdc/faker-40.37.0.tar.gz", hash = "sha256:a92dff7f310e61fb544c61720e15edb2e7448bc33d15a321a99e9ab7b94abf54", size = 2025920, upload-time = "2026-08-21T16:33:16.261Z" }
wheels = [
    { url = "https://files.pythonhosted.org/packages/3e/22/bf589b6b2c7527047f55450358fbe5961aeaadf168d6b51a1a1c67da497f/faker-40.37.0-py3-none-any.whl", hash = "sha256:ddbafa55c94d5b69c08ced3a7f202614204a02e07ba6548c729b8d18acc0b490", size = 2062853, upload-time = "2026-08-21T16:33:14.516Z" },
]

[[package]]
name = "tzdata"
version = "2026.3"
source = { registry = "https://pypi.org/simple" }
sdist = { url = "https://files.pythonhosted.org/packages/92/ff/5a28bdfd8c3ebec42564ac7d0e54ca3db65044a9314a97f9564fa7a1e926/tzdata-2026.3.tar.gz", hash = "sha256:4a1518b8993086a7982523e071643f3c0e5f213e75b21318e78bcabfff9d1415", size = 198674, upload-time = "2026-07-10T08:50:37.887Z" }
wheels = [
    { url = "https://files.pythonhosted.org/packages/e5/6d/b53b99a9f2766d095985947a5782f1702cabb129a34f7a802d7197af832f/tzdata-2026.3-py2.py3-none-any.whl", hash = "sha256:dc096730c87af6cab1b171c9d532be840741ff5d459015e7f6947bd7d7e54931", size = 348168, upload-time = "2026-07-10T08:50:36.46Z" },
]
